
Microsoft Visual Studio Solution File, Format Version 12.00
# Visual Studio 15
Project("{FAE04EC0-301F-11D3-BF4B-00C04F79EFBC}") = "Vestigium-39dc4779446d26e8ffc1d15782873b53fd1f3d57", "Assembly-CSharp.csproj", "{21070549-5961-9150-8504-44AB2A7EDB21}"
EndProject
Global
	GlobalSection(SolutionConfigurationPlatforms) = preSolution
		Debug|Any CPU = Debug|Any CPU
		Release|Any CPU = Release|Any CPU
	EndGlobalSection
	GlobalSection(ProjectConfigurationPlatforms) = postSolution
		{21070549-5961-9150-8504-44AB2A7EDB21}.Debug|Any CPU.ActiveCfg = Debug|Any CPU
		{21070549-5961-9150-8504-44AB2A7EDB21}.Debug|Any CPU.Build.0 = Debug|Any CPU
		{21070549-5961-9150-8504-44AB2A7EDB21}.Release|Any CPU.ActiveCfg = Release|Any CPU
		{21070549-5961-9150-8504-44AB2A7EDB21}.Release|Any CPU.Build.0 = Release|Any CPU
	EndGlobalSection
	GlobalSection(SolutionProperties) = preSolution
		HideSolutionNode = FALSE
	EndGlobalSection
EndGlobal
